// !$*UTF8*$!
{
	archiveVersion = 1;
	classes = {
	};
	objectVersion = 48;
	objects = {

/* Begin PBXBuildFile section */
		34A814652075BCFE00C7C199 /* AppDelegate.swift in Sources */ = {isa = PBXBuildFile; fileRef = 34A814642075BCFE00C7C199 /* AppDelegate.swift */; };
		34A814672075BCFE00C7C199 /* ViewController.swift in Sources */ = {isa = PBXBuildFile; fileRef = 34A814662075BCFE00C7C199 /* ViewController.swift */; };
		34A8146A2075BCFE00C7C199 /* Main.storyboard in Resources */ = {isa = PBXBuildFile; fileRef = 34A814682075BCFE00C7C199 /* Main.storyboard */; };
		34A8146C2075BCFE00C7C199 /* Assets.xcassets in Resources */ = {isa = PBXBuildFile; fileRef = 34A8146B2075BCFE00C7C199 /* Assets.xcassets */; };
		34A8146F2075BCFE00C7C199 /* LaunchScreen.storyboard in Resources */ = {isa = PBXBuildFile; fileRef = 34A8146D2075BCFE00C7C199 /* LaunchScreen.storyboard */; };
		34A8147E2075BD7D00C7C199 /* frame1.png in Resources */ = {isa = PBXBuildFile; fileRef = 34A814792075BD7C00C7C199 /* frame1.png */; };
		34A8147F2075BD7D00C7C199 /* frame4.png in Resources */ = {isa = PBXBuildFile; fileRef = 34A8147A2075BD7D00C7C199 /* frame4.png */; };
		34A814802075BD7D00C7C199 /* frame5.png in Resources */ = {isa = PBXBuildFile; fileRef = 34A8147B2075BD7D00C7C199 /* frame5.png */; };
		34A814812075BD7D00C7C199 /* frame3.png in Resources */ = {isa = PBXBuildFile; fileRef = 34A8147C2075BD7D00C7C199 /* frame3.png */; };
		34A814822075BD7D00C7C199 /* frame2.png in Resources */ = {isa = PBXBuildFile; fileRef = 34A8147D2075BD7D00C7C199 /* frame2.png */; };
/* End PBXBuildFile section */

/* Begin PBXFileReference section */
		34A814612075BCFE00C7C199 /* AlienTimerView.app */ = {isa = PBXFileReference; explicitFileType = wrapper.application; includeInIndex = 0; path = AlienTimerView.app; sourceTree = BUILT_PRODUCTS_DIR; };
		34A814642075BCFE00C7C199 /* AppDelegate.swift */ = {isa = PBXFileReference; lastKnownFileType = sourcecode.swift; path = AppDelegate.swift; sourceTree = "<group>"; };
		34A814662075BCFE00C7C199 /* ViewController.swift */ = {isa = PBXFileReference; lastKnownFileType = sourcecode.swift; path = ViewController.swift; sourceTree = "<group>"; };
		34A814692075BCFE00C7C199 /* Base */ = {isa = PBXFileReference; lastKnownFileType = file.storyboard; name = Base; path = Base.lproj/Main.storyboard; sourceTree = "<group>"; };
		34A8146B2075BCFE00C7C199 /* Assets.xcassets */ = {isa = PBXFileReference; lastKnownFileType = folder.assetcatalog; path = Assets.xcassets; sourceTree = "<group>"; };
		34A8146E2075BCFE00C7C199 /* Base */ = {isa = PBXFileReference; lastKnownFileType = file.storyboard; name = Base; path = Base.lproj/LaunchScreen.storyboard; sourceTree = "<group>"; };
		34A814702075BCFE00C7C199 /* Info.plist */ = {isa = PBXFileReference; lastKnownFileType = text.plist.xml; path = Info.plist; sourceTree = "<group>"; };
		34A814792075BD7C00C7C199 /* frame1.png */ = {isa = PBXFileReference; lastKnownFileType = image.png; path = frame1.png; sourceTree = "<group>"; };
		34A8147A2075BD7D00C7C199 /* frame4.png */ = {isa = PBXFileReference; lastKnownFileType = image.png; path = frame4.png; sourceTree = "<group>"; };
		34A8147B2075BD7D00C7C199 /* frame5.png */ = {isa = PBXFileReference; lastKnownFileType = image.png; path = frame5.png; sourceTree = "<group>"; };
		34A8147C2075BD7D00C7C199 /* frame3.png */ = {isa = PBXFileReference; lastKnownFileType = image.png; path = frame3.png; sourceTree = "<group>"; };
		34A8147D2075BD7D00C7C199 /* frame2.png */ = {isa = PBXFileReference; lastKnownFileType = image.png; path = frame2.png; sourceTree = "<group>"; };
/* End PBXFileReference section */

/* Begin PBXFrameworksBuildPhase section */
		34A8145E2075BCFE00C7C199 /* Frameworks */ = {
			isa = PBXFrameworksBuildPhase;
			buildActionMask = 2147483647;
			files = (
			);
			runOnlyForDeploymentPostprocessing = 0;
		};
/* End PBXFrameworksBuildPhase section */

/* Begin PBXGroup section */
		34A814582075BCFE00C7C199 = {
			isa = PBXGroup;
			children = (
				34A814632075BCFE00C7C199 /* AlienTimerView */,
				34A814622075BCFE00C7C199 /* Products */,
			);
			sourceTree = "<group>";
		};
		34A814622075BCFE00C7C199 /* Products */ = {
			isa = PBXGroup;
			children = (
				34A814612075BCFE00C7C199 /* AlienTimerView.app */,
			);
			name = Products;
			sourceTree = "<group>";
		};
		34A814632075BCFE00C7C199 /* AlienTimerView */ = {
			isa = PBXGroup;
			children = (
				34A814782075BD6400C7C199 /* image */,
				34A814642075BCFE00C7C199 /* AppDelegate.swift */,
				34A814662075BCFE00C7C199 /* ViewController.swift */,
				34A814682075BCFE00C7C199 /* Main.storyboard */,
				34A8146B2075BCFE00C7C199 /* Assets.xcassets */,
				34A8146D2075BCFE00C7C199 /* LaunchScreen.storyboard */,
				34A814702075BCFE00C7C199 /* Info.plist */,
			);
			path = AlienTimerView;
			sourceTree = "<group>";
		};
		34A814782075BD6400C7C199 /* image */ = {
			isa = PBXGroup;
			children = (
				34A814792075BD7C00C7C199 /* frame1.png */,
				34A8147D2075BD7D00C7C199 /* frame2.png */,
				34A8147C2075BD7D00C7C199 /* frame3.png */,
				34A8147A2075BD7D00C7C199 /* frame4.png */,
				34A8147B2075BD7D00C7C199 /* frame5.png */,
			);
			path = image;
			sourceTree = "<group>";
		};
/* End PBXGroup section */

/* Begin PBXNativeTarget section */
		34A814602075BCFE00C7C199 /* AlienTimerView */ = {
			isa = PBXNativeTarget;
			buildConfigurationList = 34A814732075BCFE00C7C199 /* Build configuration list for PBXNativeTarget "AlienTimerView" */;
			buildPhases = (
				34A8145D2075BCFE00C7C199 /* Sources */,
				34A8145E2075BCFE00C7C199 /* Frameworks */,
				34A8145F2075BCFE00C7C199 /* Resources */,
			);
			buildRules = (
			);
			dependencies = (
			);
			name = AlienTimerView;
			productName = AlienTimerView;
			productReference = 34A814612075BCFE00C7C199 /* AlienTimerView.app */;
			productType = "com.apple.product-type.application";
		};
/* End PBXNativeTarget section */

/* Begin PBXProject section */
		34A814592075BCFE00C7C199 /* Project object */ = {
			isa = PBXProject;
			attributes = {
				LastSwiftUpdateCheck = 0920;
				LastUpgradeCheck = 0920;
				ORGANIZATIONNAME = "김영석";
				TargetAttributes = {
					34A814602075BCFE00C7C199 = {
						CreatedOnToolsVersion = 9.2;
						ProvisioningStyle = Automatic;
					};
				};
			};
			buildConfigurationList = 34A8145C2075BCFE00C7C199 /* Build configuration list for PBXProject "AlienTimerView" */;
			compatibilityVersion = "Xcode 8.0";
			developmentRegion = en;
			hasScannedForEncodings = 0;
			knownRegions = (
				en,
				Base,
			);
			mainGroup = 34A814582075BCFE00C7C199;
			productRefGroup = 34A814622075BCFE00C7C199 /* Products */;
			projectDirPath = "";
			projectRoot = "";
			targets = (
				34A814602075BCFE00C7C199 /* AlienTimerView */,
			);
		};
/* End PBXProject section */

/* Begin PBXResourcesBuildPhase section */
		34A8145F2075BCFE00C7C199 /* Resources */ = {
			isa = PBXResourcesBuildPhase;
			buildActionMask = 2147483647;
			files = (
				34A8147F2075BD7D00C7C199 /* frame4.png in Resources */,
				34A8146F2075BCFE00C7C199 /* LaunchScreen.storyboard in Resources */,
				34A814822075BD7D00C7C199 /* frame2.png in Resources */,
				34A8147E2075BD7D00C7C199 /* frame1.png in Resources */,
				34A814812075BD7D00C7C199 /* frame3.png in Resources */,
				34A8146C2075BCFE00C7C199 /* Assets.xcassets in Resources */,
				34A8146A2075BCFE00C7C199 /* Main.storyboard in Resources */,
				34A814802075BD7D00C7C199 /* frame5.png in Resources */,
			);
			runOnlyForDeploymentPostprocessing = 0;
		};
/* End PBXResourcesBuildPhase section */

/* Begin PBXSourcesBuildPhase section */
		34A8145D2075BCFE00C7C199 /* Sources */ = {
			isa = PBXSourcesBuildPhase;
			buildActionMask = 2147483647;
			files = (
				34A814672075BCFE00C7C199 /* ViewController.swift in Sources */,
				34A814652075BCFE00C7C199 /* AppDelegate.swift in Sources */,
			);
			runOnlyForDeploymentPostprocessing = 0;
		};
/* End PBXSourcesBuildPhase section */

/* Begin PBXVariantGroup section */
		34A814682075BCFE00C7C199 /* Main.storyboard */ = {
			isa = PBXVariantGroup;
			children = (
				34A814692075BCFE00C7C199 /* Base */,
			);
			name = Main.storyboard;
			sourceTree = "<group>";
		};
		34A8146D2075BCFE00C7C199 /* LaunchScreen.storyboard */ = {
			isa = PBXVariantGroup;
			children = (
				34A8146E2075BCFE00C7C199 /* Base */,
			);
			name = LaunchScreen.storyboard;
			sourceTree = "<group>";
		};
/* End PBXVariantGroup section */

/* Begin XCBuildConfiguration section */
		34A814712075BCFE00C7C199 /* Debug */ = {
			isa = XCBuildConfiguration;
			buildSettings = {
				ALWAYS_SEARCH_USER_PATHS = NO;
				CLANG_ANALYZER_NONNULL = YES;
				CLANG_ANALYZER_NUMBER_OBJECT_CONVERSION = YES_AGGRESSIVE;
				CLANG_CXX_LANGUAGE_STANDARD = "gnu++14";
				CLANG_CXX_LIBRARY = "libc++";
				CLANG_ENABLE_MODULES = YES;
				CLANG_ENABLE_OBJC_ARC = YES;
				CLANG_WARN_BLOCK_CAPTURE_AUTORELEASING = YES;
				CLANG_WARN_BOOL_CONVERSION = YES;
				CLANG_WARN_COMMA = YES;
				CLANG_WARN_CONSTANT_CONVERSION = YES;
				CLANG_WARN_DIRECT_OBJC_ISA_USAGE = YES_ERROR;
				CLANG_WARN_DOCUMENTATION_COMMENTS = YES;
				CLANG_WARN_EMPTY_BODY = YES;
				CLANG_WARN_ENUM_CONVERSION = YES;
				CLANG_WARN_INFINITE_RECURSION = YES;
				CLANG_WARN_INT_CONVERSION = YES;
				CLANG_WARN_NON_LITERAL_NULL_CONVERSION = YES;
				CLANG_WARN_OBJC_LITERAL_CONVERSION = YES;
				CLANG_WARN_OBJC_ROOT_CLASS = YES_ERROR;
				CLANG_WARN_RANGE_LOOP_ANALYSIS = YES;
				CLANG_WARN_STRICT_PROTOTYPES = YES;
				CLANG_WARN_SUSPICIOUS_MOVE = YES;
				CLANG_WARN_UNGUARDED_AVAILABILITY = YES_AGGRESSIVE;
				CLANG_WARN_UNREACHABLE_CODE = YES;
				CLANG_WARN__DUPLICATE_METHOD_MATCH = YES;
				CODE_SIGN_IDENTITY = "iPhone Developer";
				COPY_PHASE_STRIP = NO;
				DEBUG_INFORMATION_FORMAT = dwarf;
				ENABLE_STRICT_OBJC_MSGSEND = YES;
				ENABLE_TESTABILITY = YES;
				GCC_C_LANGUAGE_STANDARD = gnu11;
				GCC_DYNAMIC_NO_PIC = NO;
				GCC_NO_COMMON_BLOCKS = YES;
				GCC_OPTIMIZATION_LEVEL = 0;
				GCC_PREPROCESSOR_DEFINITIONS = (
					"DEBUG=1",
					"$(inherited)",
				);
				GCC_WARN_64_TO_32_BIT_CONVERSION = YES;
				GCC_WARN_ABOUT_RETURN_TYPE = YES_ERROR;
				GCC_WARN_UNDECLARED_SELECTOR = YES;
				GCC_WARN_UNINITIALIZED_AUTOS = YES_AGGRESSIVE;
				GCC_WARN_UNUSED_FUNCTION = YES;
				GCC_WARN_UNUSED_VARIABLE = YES;
				IPHONEOS_DEPLOYMENT_TARGET = 11.2;
				MTL_ENABLE_DEBUG_INFO = YES;
				ONLY_ACTIVE_ARCH = YES;
				SDKROOT = iphoneos;
				SWIFT_ACTIVE_COMPILATION_CONDITIONS = DEBUG;
				SWIFT_OPTIMIZATION_LEVEL = "-Onone";
			};
			name = Debug;
		};
		34A814722075BCFE00C7C199 /* Release */ = {
			isa = XCBuildConfiguration;
			buildSettings = {
				ALWAYS_SEARCH_USER_PATHS = NO;
				CLANG_ANALYZER_NONNULL = YES;
				CLANG_ANALYZER_NUMBER_OBJECT_CONVERSION = YES_AGGRESSIVE;
				CLANG_CXX_LANGUAGE_STANDARD = "gnu++14";
				CLANG_CXX_LIBRARY = "libc++";
				CLANG_ENABLE_MODULES = YES;
				CLANG_ENABLE_OBJC_ARC = YES;
				CLANG_WARN_BLOCK_CAPTURE_AUTORELEASING = YES;
				CLANG_WARN_BOOL_CONVERSION = YES;
				CLANG_WARN_COMMA = YES;
				CLANG_WARN_CONSTANT_CONVERSION = YES;
				CLANG_WARN_DIRECT_OBJC_ISA_USAGE = YES_ERROR;
				CLANG_WARN_DOCUMENTATION_COMMENTS = YES;
				CLANG_WARN_EMPTY_BODY = YES;
				CLANG_WARN_ENUM_CONVERSION = YES;
				CLANG_WARN_INFINITE_RECURSION = YES;
				CLANG_WARN_INT_CONVERSION = YES;
				CLANG_WARN_NON_LITERAL_NULL_CONVERSION = YES;
				CLANG_WARN_OBJC_LITERAL_CONVERSION = YES;
				CLANG_WARN_OBJC_ROOT_CLASS = YES_ERROR;
				CLANG_WARN_RANGE_LOOP_ANALYSIS = YES;
				CLANG_WARN_STRICT_PROTOTYPES = YES;
				CLANG_WARN_SUSPICIOUS_MOVE = YES;
				CLANG_WARN_UNGUARDED_AVAILABILITY = YES_AGGRESSIVE;
				CLANG_WARN_UNREACHABLE_CODE = YES;
				CLANG_WARN__DUPLICATE_METHOD_MATCH = YES;
				CODE_SIGN_IDENTITY = "iPhone Developer";
				COPY_PHASE_STRIP = NO;
				DEBUG_INFORMATION_FORMAT = "dwarf-with-dsym";
				ENABLE_NS_ASSERTIONS = NO;
				ENABLE_STRICT_OBJC_MSGSEND = YES;
				GCC_C_LANGUAGE_STANDARD = gnu11;
				GCC_NO_COMMON_BLOCKS = YES;
				GCC_WARN_64_TO_32_BIT_CONVERSION = YES;
				GCC_WARN_ABOUT_RETURN_TYPE = YES_ERROR;
				GCC_WARN_UNDECLARED_SELECTOR = YES;
				GCC_WARN_UNINITIALIZED_AUTOS = YES_AGGRESSIVE;
				GCC_WARN_UNUSED_FUNCTION = YES;
				GCC_WARN_UNUSED_VARIABLE = YES;
				IPHONEOS_DEPLOYMENT_TARGET = 11.2;
				MTL_ENABLE_DEBUG_INFO = NO;
				SDKROOT = iphoneos;
				SWIFT_OPTIMIZATION_LEVEL = "-Owholemodule";
				VALIDATE_PRODUCT = YES;
			};
			name = Release;
		};
		34A814742075BCFE00C7C199 /* Debug */ = {
			isa = XCBuildConfiguration;
			buildSettings = {
				ASSETCATALOG_COMPILER_APPICON_NAME = AppIcon;
				CODE_SIGN_STYLE = Automatic;
				INFOPLIST_FILE = AlienTimerView/Info.plist;
				LD_RUNPATH_SEARCH_PATHS = "$(inherited) @executable_path/Frameworks";
				PRODUCT_BUNDLE_IDENTIFIER = dit.ac.kr.AlienTimerView;
				PRODUCT_NAME = "$(TARGET_NAME)";
				SWIFT_VERSION = 4.0;
				TARGETED_DEVICE_FAMILY = "1,2";
			};
			name = Debug;
		};
		34A814752075BCFE00C7C199 /* Release */ = {
			isa = XCBuildConfiguration;
			buildSettings = {
				ASSETCATALOG_COMPILER_APPICON_NAME = AppIcon;
				CODE_SIGN_STYLE = Automatic;
				INFOPLIST_FILE = AlienTimerView/Info.plist;
				LD_RUNPATH_SEARCH_PATHS = "$(inherited) @executable_path/Frameworks";
				PRODUCT_BUNDLE_IDENTIFIER = dit.ac.kr.AlienTimerView;
				PRODUCT_NAME = "$(TARGET_NAME)";
				SWIFT_VERSION = 4.0;
				TARGETED_DEVICE_FAMILY = "1,2";
			};
			name = Release;
		};
/* End XCBuildConfiguration section */

/* Begin XCConfigurationList section */
		34A8145C2075BCFE00C7C199 /* Build configuration list for PBXProject "AlienTimerView" */ = {
			isa = XCConfigurationList;
			buildConfigurations = (
				34A814712075BCFE00C7C199 /* Debug */,
				34A814722075BCFE00C7C199 /* Release */,
			);
			defaultConfigurationIsVisible = 0;
			defaultConfigurationName = Release;
		};
		34A814732075BCFE00C7C199 /* Build configuration list for PBXNativeTarget "AlienTimerView" */ = {
			isa = XCConfigurationList;
			buildConfigurations = (
				34A814742075BCFE00C7C199 /* Debug */,
				34A814752075BCFE00C7C199 /* Release */,
			);
			defaultConfigurationIsVisible = 0;
			defaultConfigurationName = Release;
		};
/* End XCConfigurationList section */
	};
	rootObject = 34A814592075BCFE00C7C199 /* Project object */;
}
